
Microsoft Visual Studio Solution File, Format Version 12.00
# Visual Studio Version 16
VisualStudioVersion = 16.0.29424.173
MinimumVisualStudioVersion = 10.0.40219.1
Project("{FAE04EC0-301F-11D3-BF4B-00C04F79EFBC}") = "OptimumPointCalculator", "OptimumPointCalculator\OptimumPointCalculator.csproj", "{49E0EEB1-A390-4B72-95B3-4BB160EDB25D}"
EndProject
Global
	GlobalSection(SolutionConfigurationPlatforms) = preSolution
		Debug|Any CPU = Debug|Any CPU
		Release|Any CPU = Release|Any CPU
	EndGlobalSection
	GlobalSection(ProjectConfigurationPlatforms) = postSolution
		{49E0EEB1-A390-4B72-95B3-4BB160EDB25D}.Debug|Any CPU.ActiveCfg = Debug|Any CPU
		{49E0EEB1-A390-4B72-95B3-4BB160EDB25D}.Debug|Any CPU.Build.0 = Debug|Any CPU
		{49E0EEB1-A390-4B72-95B3-4BB160EDB25D}.Release|Any CPU.ActiveCfg = Release|Any CPU
		{49E0EEB1-A390-4B72-95B3-4BB160EDB25D}.Release|Any CPU.Build.0 = Release|Any CPU
	EndGlobalSection
	GlobalSection(SolutionProperties) = preSolution
		HideSolutionNode = FALSE
	EndGlobalSection
	GlobalSection(ExtensibilityGlobals) = postSolution
		SolutionGuid = {483BD185-390D-407B-BA25-231BA9C5001D}
	EndGlobalSection
EndGlobal
